// !$*UTF8*$!
{
	archiveVersion = 1;
	classes = {
	};
	objectVersion = 46;
	objects = {

/* Begin PBXBuildFile section */
		BC5184441E37C90E007992BE /* AppDelegate.swift in Sources */ = {isa = PBXBuildFile; fileRef = BC5184431E37C90E007992BE /* AppDelegate.swift */; };
		BC5184461E37C90E007992BE /* ViewController.swift in Sources */ = {isa = PBXBuildFile; fileRef = BC5184451E37C90E007992BE /* ViewController.swift */; };
		BC5184491E37C90E007992BE /* Main.storyboard in Resources */ = {isa = PBXBuildFile; fileRef = BC5184471E37C90E007992BE /* Main.storyboard */; };
		BC51844B1E37C90E007992BE /* Assets.xcassets in Resources */ = {isa = PBXBuildFile; fileRef = BC51844A1E37C90E007992BE /* Assets.xcassets */; };
		BC51844E1E37C90E007992BE /* LaunchScreen.storyboard in Resources */ = {isa = PBXBuildFile; fileRef = BC51844C1E37C90E007992BE /* LaunchScreen.storyboard */; };
		BC5184591E37C915007992BE /* Pitch_PerfectTests.swift in Sources */ = {isa = PBXBuildFile; fileRef = BC5184581E37C915007992BE /* Pitch_PerfectTests.swift */; };
		BC5184641E37C915007992BE /* Pitch_PerfectUITests.swift in Sources */ = {isa = PBXBuildFile; fileRef = BC5184631E37C915007992BE /* Pitch_PerfectUITests.swift */; };
/* End PBXBuildFile section */

/* Begin PBXContainerItemProxy section */
		BC5184551E37C915007992BE /* PBXContainerItemProxy */ = {
			isa = PBXContainerItemProxy;
			containerPortal = BC5184381E37C90C007992BE /* Project object */;
			proxyType = 1;
			remoteGlobalIDString = BC51843F1E37C90D007992BE;
			remoteInfo = "Pitch Perfect";
		};
		BC5184601E37C915007992BE /* PBXContainerItemProxy */ = {
			isa = PBXContainerItemProxy;
			containerPortal = BC5184381E37C90C007992BE /* Project object */;
			proxyType = 1;
			remoteGlobalIDString = BC51843F1E37C90D007992BE;
			remoteInfo = "Pitch Perfect";
		};
/* End PBXContainerItemProxy section */

/* Begin PBXFileReference section */
		BC5184401E37C90D007992BE /* Pitch Perfect.app */ = {isa = PBXFileReference; explicitFileType = wrapper.application; includeInIndex = 0; path = "Pitch Perfect.app"; sourceTree = BUILT_PRODUCTS_DIR; };
		BC5184431E37C90E007992BE /* AppDelegate.swift */ = {isa = PBXFileReference; lastKnownFileType = sourcecode.swift; path = AppDelegate.swift; sourceTree = "<group>"; };
		BC5184451E37C90E007992BE /* ViewController.swift */ = {isa = PBXFileReference; lastKnownFileType = sourcecode.swift; path = ViewController.swift; sourceTree = "<group>"; };
		BC5184481E37C90E007992BE /* Base */ = {isa = PBXFileReference; lastKnownFileType = file.storyboard; name = Base; path = Base.lproj/Main.storyboard; sourceTree = "<group>"; };
		BC51844A1E37C90E007992BE /* Assets.xcassets */ = {isa = PBXFileReference; lastKnownFileType = folder.assetcatalog; path = Assets.xcassets; sourceTree = "<group>"; };
		BC51844D1E37C90E007992BE /* Base */ = {isa = PBXFileReference; lastKnownFileType = file.storyboard; name = Base; path = Base.lproj/LaunchScreen.storyboard; sourceTree = "<group>"; };
		BC51844F1E37C90F007992BE /* Info.plist */ = {isa = PBXFileReference; lastKnownFileType = text.plist.xml; path = Info.plist; sourceTree = "<group>"; };
		BC5184541E37C915007992BE /* Pitch PerfectTests.xctest */ = {isa = PBXFileReference; explicitFileType = wrapper.cfbundle; includeInIndex = 0; path = "Pitch PerfectTests.xctest"; sourceTree = BUILT_PRODUCTS_DIR; };
		BC5184581E37C915007992BE /* Pitch_PerfectTests.swift */ = {isa = PBXFileReference; lastKnownFileType = sourcecode.swift; path = Pitch_PerfectTests.swift; sourceTree = "<group>"; };
		BC51845A1E37C915007992BE /* Info.plist */ = {isa = PBXFileReference; lastKnownFileType = text.plist.xml; path = Info.plist; sourceTree = "<group>"; };
		BC51845F1E37C915007992BE /* Pitch PerfectUITests.xctest */ = {isa = PBXFileReference; explicitFileType = wrapper.cfbundle; includeInIndex = 0; path = "Pitch PerfectUITests.xctest"; sourceTree = BUILT_PRODUCTS_DIR; };
		BC5184631E37C915007992BE /* Pitch_PerfectUITests.swift */ = {isa = PBXFileReference; lastKnownFileType = sourcecode.swift; path = Pitch_PerfectUITests.swift; sourceTree = "<group>"; };
		BC5184651E37C915007992BE /* Info.plist */ = {isa = PBXFileReference; lastKnownFileType = text.plist.xml; path = Info.plist; sourceTree = "<group>"; };
/* End PBXFileReference section */

/* Begin PBXFrameworksBuildPhase section */
		BC51843D1E37C90D007992BE /* Frameworks */ = {
			isa = PBXFrameworksBuildPhase;
			buildActionMask = 2147483647;
			files = (
			);
			runOnlyForDeploymentPostprocessing = 0;
		};
		BC5184511E37C915007992BE /* Frameworks */ = {
			isa = PBXFrameworksBuildPhase;
			buildActionMask = 2147483647;
			files = (
			);
			runOnlyForDeploymentPostprocessing = 0;
		};
		BC51845C1E37C915007992BE /* Frameworks */ = {
			isa = PBXFrameworksBuildPhase;
			buildActionMask = 2147483647;
			files = (
			);
			runOnlyForDeploymentPostprocessing = 0;
		};
/* End PBXFrameworksBuildPhase section */

/* Begin PBXGroup section */
		BC5184371E37C90C007992BE = {
			isa = PBXGroup;
			children = (
				BC5184421E37C90D007992BE /* Pitch Perfect */,
				BC5184571E37C915007992BE /* Pitch PerfectTests */,
				BC5184621E37C915007992BE /* Pitch PerfectUITests */,
				BC5184411E37C90D007992BE /* Products */,
			);
			sourceTree = "<group>";
		};
		BC5184411E37C90D007992BE /* Products */ = {
			isa = PBXGroup;
			children = (
				BC5184401E37C90D007992BE /* Pitch Perfect.app */,
				BC5184541E37C915007992BE /* Pitch PerfectTests.xctest */,
				BC51845F1E37C915007992BE /* Pitch PerfectUITests.xctest */,
			);
			name = Products;
			sourceTree = "<group>";
		};
		BC5184421E37C90D007992BE /* Pitch Perfect */ = {
			isa = PBXGroup;
			children = (
				BC5184431E37C90E007992BE /* AppDelegate.swift */,
				BC5184451E37C90E007992BE /* ViewController.swift */,
				BC5184471E37C90E007992BE /* Main.storyboard */,
				BC51844A1E37C90E007992BE /* Assets.xcassets */,
				BC51844C1E37C90E007992BE /* LaunchScreen.storyboard */,
				BC51844F1E37C90F007992BE /* Info.plist */,
			);
			path = "Pitch Perfect";
			sourceTree = "<group>";
		};
		BC5184571E37C915007992BE /* Pitch PerfectTests */ = {
			isa = PBXGroup;
			children = (
				BC5184581E37C915007992BE /* Pitch_PerfectTests.swift */,
				BC51845A1E37C915007992BE /* Info.plist */,
			);
			path = "Pitch PerfectTests";
			sourceTree = "<group>";
		};
		BC5184621E37C915007992BE /* Pitch PerfectUITests */ = {
			isa = PBXGroup;
			children = (
				BC5184631E37C915007992BE /* Pitch_PerfectUITests.swift */,
				BC5184651E37C915007992BE /* Info.plist */,
			);
			path = "Pitch PerfectUITests";
			sourceTree = "<group>";
		};
/* End PBXGroup section */

/* Begin PBXNativeTarget section */
		BC51843F1E37C90D007992BE /* Pitch Perfect */ = {
			isa = PBXNativeTarget;
			buildConfigurationList = BC5184681E37C915007992BE /* Build configuration list for PBXNativeTarget "Pitch Perfect" */;
			buildPhases = (
				BC51843C1E37C90D007992BE /* Sources */,
				BC51843D1E37C90D007992BE /* Frameworks */,
				BC51843E1E37C90D007992BE /* Resources */,
			);
			buildRules = (
			);
			dependencies = (
			);
			name = "Pitch Perfect";
			productName = "Pitch Perfect";
			productReference = BC5184401E37C90D007992BE /* Pitch Perfect.app */;
			productType = "com.apple.product-type.application";
		};
		BC5184531E37C915007992BE /* Pitch PerfectTests */ = {
			isa = PBXNativeTarget;
			buildConfigurationList = BC51846B1E37C916007992BE /* Build configuration list for PBXNativeTarget "Pitch PerfectTests" */;
			buildPhases = (
				BC5184501E37C915007992BE /* Sources */,
				BC5184511E37C915007992BE /* Frameworks */,
				BC5184521E37C915007992BE /* Resources */,
			);
			buildRules = (
			);
			dependencies = (
				BC5184561E37C915007992BE /* PBXTargetDependency */,
			);
			name = "Pitch PerfectTests";
			productName = "Pitch PerfectTests";
			productReference = BC5184541E37C915007992BE /* Pitch PerfectTests.xctest */;
			productType = "com.apple.product-type.bundle.unit-test";
		};
		BC51845E1E37C915007992BE /* Pitch PerfectUITests */ = {
			isa = PBXNativeTarget;
			buildConfigurationList = BC51846E1E37C916007992BE /* Build configuration list for PBXNativeTarget "Pitch PerfectUITests" */;
			buildPhases = (
				BC51845B1E37C915007992BE /* Sources */,
				BC51845C1E37C915007992BE /* Frameworks */,
				BC51845D1E37C915007992BE /* Resources */,
			);
			buildRules = (
			);
			dependencies = (
				BC5184611E37C915007992BE /* PBXTargetDependency */,
			);
			name = "Pitch PerfectUITests";
			productName = "Pitch PerfectUITests";
			productReference = BC51845F1E37C915007992BE /* Pitch PerfectUITests.xctest */;
			productType = "com.apple.product-type.bundle.ui-testing";
		};
/* End PBXNativeTarget section */

/* Begin PBXProject section */
		BC5184381E37C90C007992BE /* Project object */ = {
			isa = PBXProject;
			attributes = {
				LastSwiftUpdateCheck = 0820;
				LastUpgradeCheck = 0820;
				ORGANIZATIONNAME = "Jason Hsu";
				TargetAttributes = {
					BC51843F1E37C90D007992BE = {
						CreatedOnToolsVersion = 8.2.1;
						ProvisioningStyle = Automatic;
					};
					BC5184531E37C915007992BE = {
						CreatedOnToolsVersion = 8.2.1;
						ProvisioningStyle = Automatic;
						TestTargetID = BC51843F1E37C90D007992BE;
					};
					BC51845E1E37C915007992BE = {
						CreatedOnToolsVersion = 8.2.1;
						ProvisioningStyle = Automatic;
						TestTargetID = BC51843F1E37C90D007992BE;
					};
				};
			};
			buildConfigurationList = BC51843B1E37C90D007992BE /* Build configuration list for PBXProject "Pitch Perfect" */;
			compatibilityVersion = "Xcode 3.2";
			developmentRegion = English;
			hasScannedForEncodings = 0;
			knownRegions = (
				en,
				Base,
			);
			mainGroup = BC5184371E37C90C007992BE;
			productRefGroup = BC5184411E37C90D007992BE /* Products */;
			projectDirPath = "";
			projectRoot = "";
			targets = (
				BC51843F1E37C90D007992BE /* Pitch Perfect */,
				BC5184531E37C915007992BE /* Pitch PerfectTests */,
				BC51845E1E37C915007992BE /* Pitch PerfectUITests */,
			);
		};
/* End PBXProject section */

/* Begin PBXResourcesBuildPhase section */
		BC51843E1E37C90D007992BE /* Resources */ = {
			isa = PBXResourcesBuildPhase;
			buildActionMask = 2147483647;
			files = (
				BC51844E1E37C90E007992BE /* LaunchScreen.storyboard in Resources */,
				BC51844B1E37C90E007992BE /* Assets.xcassets in Resources */,
				BC5184491E37C90E007992BE /* Main.storyboard in Resources */,
			);
			runOnlyForDeploymentPostprocessing = 0;
		};
		BC5184521E37C915007992BE /* Resources */ = {
			isa = PBXResourcesBuildPhase;
			buildActionMask = 2147483647;
			files = (
			);
			runOnlyForDeploymentPostprocessing = 0;
		};
		BC51845D1E37C915007992BE /* Resources */ = {
			isa = PBXResourcesBuildPhase;
			buildActionMask = 2147483647;
			files = (
			);
			runOnlyForDeploymentPostprocessing = 0;
		};
/* End PBXResourcesBuildPhase section */

/* Begin PBXSourcesBuildPhase section */
		BC51843C1E37C90D007992BE /* Sources */ = {
			isa = PBXSourcesBuildPhase;
			buildActionMask = 2147483647;
			files = (
				BC5184461E37C90E007992BE /* ViewController.swift in Sources */,
				BC5184441E37C90E007992BE /* AppDelegate.swift in Sources */,
			);
			runOnlyForDeploymentPostprocessing = 0;
		};
		BC5184501E37C915007992BE /* Sources */ = {
			isa = PBXSourcesBuildPhase;
			buildActionMask = 2147483647;
			files = (
				BC5184591E37C915007992BE /* Pitch_PerfectTests.swift in Sources */,
			);
			runOnlyForDeploymentPostprocessing = 0;
		};
		BC51845B1E37C915007992BE /* Sources */ = {
			isa = PBXSourcesBuildPhase;
			buildActionMask = 2147483647;
			files = (
				BC5184641E37C915007992BE /* Pitch_PerfectUITests.swift in Sources */,
			);
			runOnlyForDeploymentPostprocessing = 0;
		};
/* End PBXSourcesBuildPhase section */

/* Begin PBXTargetDependency section */
		BC5184561E37C915007992BE /* PBXTargetDependency */ = {
			isa = PBXTargetDependency;
			target = BC51843F1E37C90D007992BE /* Pitch Perfect */;
			targetProxy = BC5184551E37C915007992BE /* PBXContainerItemProxy */;
		};
		BC5184611E37C915007992BE /* PBXTargetDependency */ = {
			isa = PBXTargetDependency;
			target = BC51843F1E37C90D007992BE /* Pitch Perfect */;
			targetProxy = BC5184601E37C915007992BE /* PBXContainerItemProxy */;
		};
/* End PBXTargetDependency section */

/* Begin PBXVariantGroup section */
		BC5184471E37C90E007992BE /* Main.storyboard */ = {
			isa = PBXVariantGroup;
			children = (
				BC5184481E37C90E007992BE /* Base */,
			);
			name = Main.storyboard;
			sourceTree = "<group>";
		};
		BC51844C1E37C90E007992BE /* LaunchScreen.storyboard */ = {
			isa = PBXVariantGroup;
			children = (
				BC51844D1E37C90E007992BE /* Base */,
			);
			name = LaunchScreen.storyboard;
			sourceTree = "<group>";
		};
/* End PBXVariantGroup section */

/* Begin XCBuildConfiguration section */
		BC5184661E37C915007992BE /* Debug */ = {
			isa = XCBuildConfiguration;
			buildSettings = {
				ALWAYS_SEARCH_USER_PATHS = NO;
				CLANG_ANALYZER_NONNULL = YES;
				CLANG_CXX_LANGUAGE_STANDARD = "gnu++0x";
				CLANG_CXX_LIBRARY = "libc++";
				CLANG_ENABLE_MODULES = YES;
				CLANG_ENABLE_OBJC_ARC = YES;
				CLANG_WARN_BOOL_CONVERSION = YES;
				CLANG_WARN_CONSTANT_CONVERSION = YES;
				CLANG_WARN_DIRECT_OBJC_ISA_USAGE = YES_ERROR;
				CLANG_WARN_DOCUMENTATION_COMMENTS = YES;
				CLANG_WARN_EMPTY_BODY = YES;
				CLANG_WARN_ENUM_CONVERSION = YES;
				CLANG_WARN_INFINITE_RECURSION = YES;
				CLANG_WARN_INT_CONVERSION = YES;
				CLANG_WARN_OBJC_ROOT_CLASS = YES_ERROR;
				CLANG_WARN_SUSPICIOUS_MOVE = YES;
				CLANG_WARN_UNREACHABLE_CODE = YES;
				CLANG_WARN__DUPLICATE_METHOD_MATCH = YES;
				"CODE_SIGN_IDENTITY[sdk=iphoneos*]" = "iPhone Developer";
				COPY_PHASE_STRIP = NO;
				DEBUG_INFORMATION_FORMAT = dwarf;
				ENABLE_STRICT_OBJC_MSGSEND = YES;
				ENABLE_TESTABILITY = YES;
				GCC_C_LANGUAGE_STANDARD = gnu99;
				GCC_DYNAMIC_NO_PIC = NO;
				GCC_NO_COMMON_BLOCKS = YES;
				GCC_OPTIMIZATION_LEVEL = 0;
				GCC_PREPROCESSOR_DEFINITIONS = (
					"DEBUG=1",
					"$(inherited)",
				);
				GCC_WARN_64_TO_32_BIT_CONVERSION = YES;
				GCC_WARN_ABOUT_RETURN_TYPE = YES_ERROR;
				GCC_WARN_UNDECLARED_SELECTOR = YES;
				GCC_WARN_UNINITIALIZED_AUTOS = YES_AGGRESSIVE;
				GCC_WARN_UNUSED_FUNCTION = YES;
				GCC_WARN_UNUSED_VARIABLE = YES;
				IPHONEOS_DEPLOYMENT_TARGET = 10.2;
				MTL_ENABLE_DEBUG_INFO = YES;
				ONLY_ACTIVE_ARCH = YES;
				SDKROOT = iphoneos;
				SWIFT_ACTIVE_COMPILATION_CONDITIONS = DEBUG;
				SWIFT_OPTIMIZATION_LEVEL = "-Onone";
			};
			name = Debug;
		};
		BC5184671E37C915007992BE /* Release */ = {
			isa = XCBuildConfiguration;
			buildSettings = {
				ALWAYS_SEARCH_USER_PATHS = NO;
				CLANG_ANALYZER_NONNULL = YES;
				CLANG_CXX_LANGUAGE_STANDARD = "gnu++0x";
				CLANG_CXX_LIBRARY = "libc++";
				CLANG_ENABLE_MODULES = YES;
				CLANG_ENABLE_OBJC_ARC = YES;
				CLANG_WARN_BOOL_CONVERSION = YES;
				CLANG_WARN_CONSTANT_CONVERSION = YES;
				CLANG_WARN_DIRECT_OBJC_ISA_USAGE = YES_ERROR;
				CLANG_WARN_DOCUMENTATION_COMMENTS = YES;
				CLANG_WARN_EMPTY_BODY = YES;
				CLANG_WARN_ENUM_CONVERSION = YES;
				CLANG_WARN_INFINITE_RECURSION = YES;
				CLANG_WARN_INT_CONVERSION = YES;
				CLANG_WARN_OBJC_ROOT_CLASS = YES_ERROR;
				CLANG_WARN_SUSPICIOUS_MOVE = YES;
				CLANG_WARN_UNREACHABLE_CODE = YES;
				CLANG_WARN__DUPLICATE_METHOD_MATCH = YES;
				"CODE_SIGN_IDENTITY[sdk=iphoneos*]" = "iPhone Developer";
				COPY_PHASE_STRIP = NO;
				DEBUG_INFORMATION_FORMAT = "dwarf-with-dsym";
				ENABLE_NS_ASSERTIONS = NO;
				ENABLE_STRICT_OBJC_MSGSEND = YES;
				GCC_C_LANGUAGE_STANDARD = gnu99;
				GCC_NO_COMMON_BLOCKS = YES;
				GCC_WARN_64_TO_32_BIT_CONVERSION = YES;
				GCC_WARN_ABOUT_RETURN_TYPE = YES_ERROR;
				GCC_WARN_UNDECLARED_SELECTOR = YES;
				GCC_WARN_UNINITIALIZED_AUTOS = YES_AGGRESSIVE;
				GCC_WARN_UNUSED_FUNCTION = YES;
				GCC_WARN_UNUSED_VARIABLE = YES;
				IPHONEOS_DEPLOYMENT_TARGET = 10.2;
				MTL_ENABLE_DEBUG_INFO = NO;
				SDKROOT = iphoneos;
				SWIFT_OPTIMIZATION_LEVEL = "-Owholemodule";
				VALIDATE_PRODUCT = YES;
			};
			name = Release;
		};
		BC5184691E37C915007992BE /* Debug */ = {
			isa = XCBuildConfiguration;
			buildSettings = {
				ASSETCATALOG_COMPILER_APPICON_NAME = AppIcon;
				INFOPLIST_FILE = "Pitch Perfect/Info.plist";
				LD_RUNPATH_SEARCH_PATHS = "$(inherited) @executable_path/Frameworks";
				PRODUCT_BUNDLE_IDENTIFIER = "com.jasonhsu.Pitch-Perfect";
				PRODUCT_NAME = "$(TARGET_NAME)";
				SWIFT_VERSION = 3.0;
			};
			name = Debug;
		};
		BC51846A1E37C915007992BE /* Release */ = {
			isa = XCBuildConfiguration;
			buildSettings = {
				ASSETCATALOG_COMPILER_APPICON_NAME = AppIcon;
				INFOPLIST_FILE = "Pitch Perfect/Info.plist";
				LD_RUNPATH_SEARCH_PATHS = "$(inherited) @executable_path/Frameworks";
				PRODUCT_BUNDLE_IDENTIFIER = "com.jasonhsu.Pitch-Perfect";
				PRODUCT_NAME = "$(TARGET_NAME)";
				SWIFT_VERSION = 3.0;
			};
			name = Release;
		};
		BC51846C1E37C916007992BE /* Debug */ = {
			isa = XCBuildConfiguration;
			buildSettings = {
				ALWAYS_EMBED_SWIFT_STANDARD_LIBRARIES = YES;
				BUNDLE_LOADER = "$(TEST_HOST)";
				INFOPLIST_FILE = "Pitch PerfectTests/Info.plist";
				LD_RUNPATH_SEARCH_PATHS = "$(inherited) @executable_path/Frameworks @loader_path/Frameworks";
				PRODUCT_BUNDLE_IDENTIFIER = "com.jasonhsu.Pitch-PerfectTests";
				PRODUCT_NAME = "$(TARGET_NAME)";
				SWIFT_VERSION = 3.0;
				TEST_HOST = "$(BUILT_PRODUCTS_DIR)/Pitch Perfect.app/Pitch Perfect";
			};
			name = Debug;
		};
		BC51846D1E37C916007992BE /* Release */ = {
			isa = XCBuildConfiguration;
			buildSettings = {
				ALWAYS_EMBED_SWIFT_STANDARD_LIBRARIES = YES;
				BUNDLE_LOADER = "$(TEST_HOST)";
				INFOPLIST_FILE = "Pitch PerfectTests/Info.plist";
				LD_RUNPATH_SEARCH_PATHS = "$(inherited) @executable_path/Frameworks @loader_path/Frameworks";
				PRODUCT_BUNDLE_IDENTIFIER = "com.jasonhsu.Pitch-PerfectTests";
				PRODUCT_NAME = "$(TARGET_NAME)";
				SWIFT_VERSION = 3.0;
				TEST_HOST = "$(BUILT_PRODUCTS_DIR)/Pitch Perfect.app/Pitch Perfect";
			};
			name = Release;
		};
		BC51846F1E37C916007992BE /* Debug */ = {
			isa = XCBuildConfiguration;
			buildSettings = {
				ALWAYS_EMBED_SWIFT_STANDARD_LIBRARIES = YES;
				INFOPLIST_FILE = "Pitch PerfectUITests/Info.plist";
				LD_RUNPATH_SEARCH_PATHS = "$(inherited) @executable_path/Frameworks @loader_path/Frameworks";
				PRODUCT_BUNDLE_IDENTIFIER = "com.jasonhsu.Pitch-PerfectUITests";
				PRODUCT_NAME = "$(TARGET_NAME)";
				SWIFT_VERSION = 3.0;
				TEST_TARGET_NAME = "Pitch Perfect";
			};
			name = Debug;
		};
		BC5184701E37C916007992BE /* Release */ = {
			isa = XCBuildConfiguration;
			buildSettings = {
				ALWAYS_EMBED_SWIFT_STANDARD_LIBRARIES = YES;
				INFOPLIST_FILE = "Pitch PerfectUITests/Info.plist";
				LD_RUNPATH_SEARCH_PATHS = "$(inherited) @executable_path/Frameworks @loader_path/Frameworks";
				PRODUCT_BUNDLE_IDENTIFIER = "com.jasonhsu.Pitch-PerfectUITests";
				PRODUCT_NAME = "$(TARGET_NAME)";
				SWIFT_VERSION = 3.0;
				TEST_TARGET_NAME = "Pitch Perfect";
			};
			name = Release;
		};
/* End XCBuildConfiguration section */

/* Begin XCConfigurationList section */
		BC51843B1E37C90D007992BE /* Build configuration list for PBXProject "Pitch Perfect" */ = {
			isa = XCConfigurationList;
			buildConfigurations = (
				BC5184661E37C915007992BE /* Debug */,
				BC5184671E37C915007992BE /* Release */,
			);
			defaultConfigurationIsVisible = 0;
			defaultConfigurationName = Release;
		};
		BC5184681E37C915007992BE /* Build configuration list for PBXNativeTarget "Pitch Perfect" */ = {
			isa = XCConfigurationList;
			buildConfigurations = (
				BC5184691E37C915007992BE /* Debug */,
				BC51846A1E37C915007992BE /* Release */,
			);
			defaultConfigurationIsVisible = 0;
		};
		BC51846B1E37C916007992BE /* Build configuration list for PBXNativeTarget "Pitch PerfectTests" */ = {
			isa = XCConfigurationList;
			buildConfigurations = (
				BC51846C1E37C916007992BE /* Debug */,
				BC51846D1E37C916007992BE /* Release */,
			);
			defaultConfigurationIsVisible = 0;
		};
		BC51846E1E37C916007992BE /* Build configuration list for PBXNativeTarget "Pitch PerfectUITests" */ = {
			isa = XCConfigurationList;
			buildConfigurations = (
				BC51846F1E37C916007992BE /* Debug */,
				BC5184701E37C916007992BE /* Release */,
			);
			defaultConfigurationIsVisible = 0;
		};
/* End XCConfigurationList section */
	};
	rootObject = BC5184381E37C90C007992BE /* Project object */;
}
